
Microsoft Visual Studio Solution File, Format Version 12.00
# Visual Studio Version 16
VisualStudioVersion = 16.0.30803.129
MinimumVisualStudioVersion = 10.0.40219.1
Project("{FAE04EC0-301F-11D3-BF4B-00C04F79EFBC}") = "Gender Recognition", "Voice Recognition\Gender Recognition.csproj", "{FACA9601-DF9A-47EC-A4FC-7749EAC30BC8}"
EndProject
Global
	GlobalSection(SolutionConfigurationPlatforms) = preSolution
		Debug|Any CPU = Debug|Any CPU
		Release|Any CPU = Release|Any CPU
	EndGlobalSection
	GlobalSection(ProjectConfigurationPlatforms) = postSolution
		{FACA9601-DF9A-47EC-A4FC-7749EAC30BC8}.Debug|Any CPU.ActiveCfg = Debug|Any CPU
		{FACA9601-DF9A-47EC-A4FC-7749EAC30BC8}.Debug|Any CPU.Build.0 = Debug|Any CPU
		{FACA9601-DF9A-47EC-A4FC-7749EAC30BC8}.Release|Any CPU.ActiveCfg = Release|Any CPU
		{FACA9601-DF9A-47EC-A4FC-7749EAC30BC8}.Release|Any CPU.Build.0 = Release|Any CPU
	EndGlobalSection
	GlobalSection(SolutionProperties) = preSolution
		HideSolutionNode = FALSE
	EndGlobalSection
	GlobalSection(ExtensibilityGlobals) = postSolution
		SolutionGuid = {37A23DFA-B600-4EE2-877E-C6159B37CABC}
	EndGlobalSection
EndGlobal
